
Microsoft Visual Studio Solution File, Format Version 10.00
# Visual Studio 2008
Project("{F184B08F-C81C-45F6-A57F-5ABD9991F28F}") = "ControlesAvanve", "ControlesAvanve\ControlesAvanve.vbproj", "{80F29E6A-2174-4EAE-82A3-FBC1455CFA10}"
EndProject
Global
	GlobalSection(SolutionConfigurationPlatforms) = preSolution
		Debug|Any CPU = Debug|Any CPU
		Release|Any CPU = Release|Any CPU
	EndGlobalSection
	GlobalSection(ProjectConfigurationPlatforms) = postSolution
		{80F29E6A-2174-4EAE-82A3-FBC1455CFA10}.Debug|Any CPU.ActiveCfg = Debug|Any CPU
		{80F29E6A-2174-4EAE-82A3-FBC1455CFA10}.Debug|Any CPU.Build.0 = Debug|Any CPU
		{80F29E6A-2174-4EAE-82A3-FBC1455CFA10}.Release|Any CPU.ActiveCfg = Release|Any CPU
		{80F29E6A-2174-4EAE-82A3-FBC1455CFA10}.Release|Any CPU.Build.0 = Release|Any CPU
	EndGlobalSection
	GlobalSection(SolutionProperties) = preSolution
		HideSolutionNode = FALSE
	EndGlobalSection
EndGlobal
